
Microsoft Visual Studio Solution File, Format Version 12.00
# Visual Studio Version 16
VisualStudioVersion = 16.0.30105.148
MinimumVisualStudioVersion = 10.0.40219.1
Project("{FAE04EC0-301F-11D3-BF4B-00C04F79EFBC}") = "BlazorSiginTool", "BlazorSiginTool.csproj", "{4E6C2F12-AD35-4403-B9E7-E44D55CDA212}"
EndProject
Global
	GlobalSection(SolutionConfigurationPlatforms) = preSolution
		Debug|Any CPU = Debug|Any CPU
		Release|Any CPU = Release|Any CPU
	EndGlobalSection
	GlobalSection(ProjectConfigurationPlatforms) = postSolution
		{4E6C2F12-AD35-4403-B9E7-E44D55CDA212}.Debug|Any CPU.ActiveCfg = Debug|Any CPU
		{4E6C2F12-AD35-4403-B9E7-E44D55CDA212}.Debug|Any CPU.Build.0 = Debug|Any CPU
		{4E6C2F12-AD35-4403-B9E7-E44D55CDA212}.Release|Any CPU.ActiveCfg = Release|Any CPU
		{4E6C2F12-AD35-4403-B9E7-E44D55CDA212}.Release|Any CPU.Build.0 = Release|Any CPU
	EndGlobalSection
	GlobalSection(SolutionProperties) = preSolution
		HideSolutionNode = FALSE
	EndGlobalSection
	GlobalSection(ExtensibilityGlobals) = postSolution
		SolutionGuid = {290E9A4C-0CC6-4691-96B6-E1397EBF5A9A}
	EndGlobalSection
EndGlobal
